
Microsoft Visual Studio Solution File, Format Version 12.00
# Visual Studio Version 17
VisualStudioVersion = 17.5.001.0
MinimumVisualStudioVersion = 10.0.40219.1
Project("{9A19103F-16F7-4668-BE54-9A1E7A4F7556}") = "Forum", "Forum.csproj", "{5E974FCD-3E04-4707-A963-BD170C98F076}"
EndProject
Global
	GlobalSection(SolutionConfigurationPlatforms) = preSolution
		Debug|Any CPU = Debug|Any CPU
		Release|Any CPU = Release|Any CPU
	EndGlobalSection
	GlobalSection(ProjectConfigurationPlatforms) = postSolution
		{5E974FCD-3E04-4707-A963-BD170C98F076}.Debug|Any CPU.ActiveCfg = Debug|Any CPU
		{5E974FCD-3E04-4707-A963-BD170C98F076}.Debug|Any CPU.Build.0 = Debug|Any CPU
		{5E974FCD-3E04-4707-A963-BD170C98F076}.Release|Any CPU.ActiveCfg = Release|Any CPU
		{5E974FCD-3E04-4707-A963-BD170C98F076}.Release|Any CPU.Build.0 = Release|Any CPU
	EndGlobalSection
	GlobalSection(SolutionProperties) = preSolution
		HideSolutionNode = FALSE
	EndGlobalSection
	GlobalSection(ExtensibilityGlobals) = postSolution
		SolutionGuid = {30472324-A877-4025-9CA9-9D9FD244159F}
	EndGlobalSection
EndGlobal
